
Microsoft Visual Studio Solution File, Format Version 12.00
# Visual Studio Version 17
VisualStudioVersion = 17.5.002.0
MinimumVisualStudioVersion = 10.0.40219.1
Project("{2150E333-8FDC-42A3-9474-1A3956D46DE8}") = "solutions", "solutions", "{C68E5A0A-041F-4A16-8887-7E775082CD8F}"
EndProject
Project("{9A19103F-16F7-4668-BE54-9A1E7A4F7556}") = "FirstProject", "solutions\FirstProject\FirstProject.csproj", "{17340522-E2E4-4F00-B272-8ABA7CAF4908}"
EndProject
Project("{2150E333-8FDC-42A3-9474-1A3956D46DE8}") = "examples", "examples", "{EE754C3C-C0FF-43BD-A683-E3448247204A}"
EndProject
Project("{FAE04EC0-301F-11D3-BF4B-00C04F79EFBC}") = "V8Features", "examples\V8Features\V8Features.csproj", "{3CBC9E88-0EF5-4D1A-A5BE-0470E320B1EC}"
EndProject
Project("{FAE04EC0-301F-11D3-BF4B-00C04F79EFBC}") = "TuplesSolution", "solutions\Tuples\TuplesSolution.csproj", "{06681B6E-40CA-40C4-BECC-4C2DB04FBBE3}"
EndProject
Project("{FAE04EC0-301F-11D3-BF4B-00C04F79EFBC}") = "RecordsSolution", "solutions\Records\RecordsSolution.csproj", "{C63F2D60-0AC5-4E77-8465-C5CE7F3F1F34}"
EndProject
Project("{FAE04EC0-301F-11D3-BF4B-00C04F79EFBC}") = "Deconstruction", "solutions\Deconstruction\Deconstruction.csproj", "{D23DE60F-082B-4A6C-9920-9A432AB8A1F8}"
EndProject
Project("{FAE04EC0-301F-11D3-BF4B-00C04F79EFBC}") = "NullOperator", "solutions\NullOperators\NullOperator.csproj", "{C134F9B9-CF7E-4A54-B517-2E5ED1628815}"
EndProject
Project("{FAE04EC0-301F-11D3-BF4B-00C04F79EFBC}") = "Classes", "solutions\Classes\Classes.csproj", "{52F2D733-C9F4-461E-AE9C-9B2CA76A6511}"
EndProject
Project("{FAE04EC0-301F-11D3-BF4B-00C04F79EFBC}") = "Threads", "solutions\Threads\Threads.csproj", "{ADA0E07D-4011-46FF-95CA-D72BA606CA28}"
EndProject
Project("{FAE04EC0-301F-11D3-BF4B-00C04F79EFBC}") = "TasksSolution", "solutions\Tasks\TasksSolution.csproj", "{BEDB5183-17FD-45B0-973D-4DF00090E95D}"
EndProject
Project("{FAE04EC0-301F-11D3-BF4B-00C04F79EFBC}") = "AsyncSolution", "solutions\Async\AsyncSolution.csproj", "{F0B4DC92-653A-48AB-B3C3-8C2916336146}"
EndProject
Project("{2150E333-8FDC-42A3-9474-1A3956D46DE8}") = "WebProjects", "WebProjects", "{ADA9DA32-BD31-4A9F-8679-05CDD0B9D1CD}"
EndProject
Project("{2150E333-8FDC-42A3-9474-1A3956D46DE8}") = "Initial", "Initial", "{64C3CF1B-089A-4E76-87F9-9E7B670E3BF8}"
EndProject
Project("{FAE04EC0-301F-11D3-BF4B-00C04F79EFBC}") = "PayrollSystemWeb", "solutions\WebProjects\Initial\PayrollSystemWeb\PayrollSystemWeb.csproj", "{7E66E147-91CA-492A-8DF2-EC6A688DA770}"
EndProject
Project("{2150E333-8FDC-42A3-9474-1A3956D46DE8}") = "CompanyViewMockups", "CompanyViewMockups", "{3BDF3F19-B70B-413D-A640-4517017AE40E}"
EndProject
Project("{FAE04EC0-301F-11D3-BF4B-00C04F79EFBC}") = "PayrollSystemWeb-CompanyMockups", "solutions\WebProjects\CompanyViewMockups\PayrollSystemWeb\PayrollSystemWeb-CompanyMockups.csproj", "{603AB5CD-235F-4E6B-BF33-CAF0F1D3E4C8}"
EndProject
Project("{2150E333-8FDC-42A3-9474-1A3956D46DE8}") = "Bootstrap", "Bootstrap", "{F36AAD88-8125-402A-891F-79BDAB3EBD8C}"
EndProject
Project("{FAE04EC0-301F-11D3-BF4B-00C04F79EFBC}") = "PayrollSystemWeb-Bootstrap", "solutions\WebProjects\Bootstrap\PayrollSystemWeb\PayrollSystemWeb-Bootstrap.csproj", "{71BD560E-DBF9-4177-8CB5-DBB7D7E7DA72}"
EndProject
Project("{2150E333-8FDC-42A3-9474-1A3956D46DE8}") = "DynamicViews", "DynamicViews", "{908464AE-96FC-4656-8290-24A861647A5F}"
EndProject
Project("{FAE04EC0-301F-11D3-BF4B-00C04F79EFBC}") = "PayrollSystemWeb-DynView", "solutions\WebProjects\DynamicViews\PayrollSystemWeb\PayrollSystemWeb-DynView.csproj", "{143E42A9-7CA6-4ABA-B7E1-9B4E86C4651D}"
EndProject
Project("{FAE04EC0-301F-11D3-BF4B-00C04F79EFBC}") = "PayrollSystemLibrary", "solutions\WebProjects\DynamicViews\PayrollSystemLibrary\PayrollSystemLibrary.csproj", "{D845E259-34C0-49DE-B936-C93E456EA95D}"
EndProject
Project("{2150E333-8FDC-42A3-9474-1A3956D46DE8}") = "FormSubmit", "FormSubmit", "{F0D72861-0F5E-46F4-96EC-5B74982CE807}"
EndProject
Project("{FAE04EC0-301F-11D3-BF4B-00C04F79EFBC}") = "PayrollSystemWeb-Forms", "solutions\WebProjects\FormSubmit\PayrollSystemWeb\PayrollSystemWeb-Forms.csproj", "{BD959979-FD0F-4CF0-9B6C-3D4CC02F5F75}"
EndProject
Project("{2150E333-8FDC-42A3-9474-1A3956D46DE8}") = "Models", "Models", "{EF4F8EF1-F717-43BC-9586-17465F7ABB4F}"
EndProject
Project("{FAE04EC0-301F-11D3-BF4B-00C04F79EFBC}") = "PayrollSystemWeb-Models", "solutions\WebProjects\Models\PayrollSystemWeb\PayrollSystemWeb-Models.csproj", "{3E051122-BF09-4F57-91E3-6BB4AAA69BE8}"
EndProject
Project("{FAE04EC0-301F-11D3-BF4B-00C04F79EFBC}") = "XunitExamples", "examples\XunitExamples\XunitExamples.csproj", "{E425143B-A203-4F54-86C4-315EC1B21FE9}"
EndProject
Project("{2150E333-8FDC-42A3-9474-1A3956D46DE8}") = "XUnit", "XUnit", "{A022888C-E08A-4C50-9D99-D650DB2ECA4F}"
EndProject
Project("{FAE04EC0-301F-11D3-BF4B-00C04F79EFBC}") = "PayrollSystemLibrary-XUnit", "solutions\XUnit\PayrollSystemLibrary\PayrollSystemLibrary-XUnit.csproj", "{84F4833A-89CA-4E3B-8BB9-FC892C6E6A0E}"
EndProject
Project("{FAE04EC0-301F-11D3-BF4B-00C04F79EFBC}") = "PayrollSystemTest-Xunit", "solutions\XUnit\PayrollSystemTest\PayrollSystemTest-Xunit.csproj", "{0B351E63-878C-4A6A-AD50-2E42F4015706}"
EndProject
Project("{2150E333-8FDC-42A3-9474-1A3956D46DE8}") = "Moq", "Moq", "{1E000634-635A-4ABC-BA6A-581601A17634}"
EndProject
Project("{FAE04EC0-301F-11D3-BF4B-00C04F79EFBC}") = "PayrollSystemTest-Moq", "solutions\Moq\PayrollSystemTest\PayrollSystemTest-Moq.csproj", "{55DEEACF-EEC8-46C4-A836-F55FCE74D765}"
EndProject
Project("{FAE04EC0-301F-11D3-BF4B-00C04F79EFBC}") = "PayrollSystemLibrary-Moq", "solutions\Moq\PayrollSystemLibrary\PayrollSystemLibrary-Moq.csproj", "{A8F33C51-C560-4AFD-818F-586177C929A6}"
EndProject
Project("{2150E333-8FDC-42A3-9474-1A3956D46DE8}") = "EmployeeController", "EmployeeController", "{351FDBCA-A433-4FF9-9ACA-1D6E40DF0320}"
EndProject
Project("{FAE04EC0-301F-11D3-BF4B-00C04F79EFBC}") = "PayrollSystemWeb-ECtrlr", "solutions\WebProjects\EmployeeController\PayrollSystemWeb\PayrollSystemWeb-ECtrlr.csproj", "{88D6303E-5CDC-4EF7-8787-133F999CC1DF}"
EndProject
Project("{FAE04EC0-301F-11D3-BF4B-00C04F79EFBC}") = "PayrollSystemLibrary-ECtrlr", "solutions\WebProjects\EmployeeController\PayrollSystemLibrary\PayrollSystemLibrary-ECtrlr.csproj", "{B0A284C7-74B2-464E-9DAF-A46A01A9BC88}"
EndProject
Project("{FAE04EC0-301F-11D3-BF4B-00C04F79EFBC}") = "PayrollSystemTest-ECtrlr", "solutions\WebProjects\EmployeeController\PayrollSystemTest\PayrollSystemTest-ECtrlr.csproj", "{C86E56D4-B6DE-4CE2-8177-42170CEEC18D}"
EndProject
Project("{2150E333-8FDC-42A3-9474-1A3956D46DE8}") = "DI-1", "DI-1", "{57CDDBF4-C381-4DCE-AD76-F91C940277FD}"
EndProject
Project("{FAE04EC0-301F-11D3-BF4B-00C04F79EFBC}") = "PayrollSystemWeb-DI1", "solutions\WebProjects\DI-1\PayrollSystemWeb\PayrollSystemWeb-DI1.csproj", "{151B6C59-D5D7-4F86-AAC6-6CDE2C9BCE7C}"
EndProject
Project("{FAE04EC0-301F-11D3-BF4B-00C04F79EFBC}") = "PayrollSystemLibrary-DI1", "solutions\WebProjects\DI-1\PayrollSystemLibrary\PayrollSystemLibrary-DI1.csproj", "{03A2CD2B-20D8-4886-9C66-189017A670DE}"
EndProject
Project("{FAE04EC0-301F-11D3-BF4B-00C04F79EFBC}") = "PayrollSystemTest-DI1", "solutions\WebProjects\DI-1\PayrollSystemTest\PayrollSystemTest-DI1.csproj", "{F85C93EC-C51F-4CE9-8812-F4C4913862F4}"
EndProject
Project("{2150E333-8FDC-42A3-9474-1A3956D46DE8}") = "DI-2", "DI-2", "{CF3C9D53-199E-484D-9A6F-B50B62152804}"
EndProject
Project("{FAE04EC0-301F-11D3-BF4B-00C04F79EFBC}") = "PayrollSystemLibrary-DI2", "solutions\WebProjects\DI-2\PayrollSystemLibrary\PayrollSystemLibrary-DI2.csproj", "{36B02BA1-66DC-4C81-9ACD-9D5C5484E261}"
EndProject
Project("{FAE04EC0-301F-11D3-BF4B-00C04F79EFBC}") = "PayrollSystemWeb-DI2", "solutions\WebProjects\DI-2\PayrollSystemWeb\PayrollSystemWeb-DI2.csproj", "{325DC909-CE55-4940-9049-BBAEA3065CEB}"
EndProject
Project("{FAE04EC0-301F-11D3-BF4B-00C04F79EFBC}") = "PayrollSystemTest-DI2", "solutions\WebProjects\DI-2\PayrollSystemTest\PayrollSystemTest-DI2.csproj", "{2E4262D8-88D7-4326-9DD5-3A90ABB19555}"
EndProject
Project("{FAE04EC0-301F-11D3-BF4B-00C04F79EFBC}") = "LinqApiSolution", "solutions\Linq\LinqApiSolution.csproj", "{16EF76DA-627B-48DD-B2A1-8D901064A227}"
EndProject
Project("{2150E333-8FDC-42A3-9474-1A3956D46DE8}") = "EntityFramework", "EntityFramework", "{0967242B-822E-427F-B6A5-75BDE026FF84}"
EndProject
Project("{FAE04EC0-301F-11D3-BF4B-00C04F79EFBC}") = "PayrollSystemLibrary-EF", "solutions\WebProjects\EntityFramework\PayrollSystemLibrary\PayrollSystemLibrary-EF.csproj", "{AE1938B4-F767-480E-A2B1-AF5C67D8E51C}"
EndProject
Project("{FAE04EC0-301F-11D3-BF4B-00C04F79EFBC}") = "PayrollSystemTest-EF", "solutions\WebProjects\EntityFramework\PayrollSystemTest\PayrollSystemTest-EF.csproj", "{76205F69-1DC1-41F0-A856-9E0A6D09F6DC}"
EndProject
Project("{FAE04EC0-301F-11D3-BF4B-00C04F79EFBC}") = "PayrollSystemWeb-EF", "solutions\WebProjects\EntityFramework\PayrollSystemWeb\PayrollSystemWeb-EF.csproj", "{42C5315B-5748-47AF-B330-885C91A79F8B}"
EndProject
Project("{2150E333-8FDC-42A3-9474-1A3956D46DE8}") = "BusinessService", "BusinessService", "{89F1C211-A007-41EC-9CEA-0F546BD5C244}"
EndProject
Project("{FAE04EC0-301F-11D3-BF4B-00C04F79EFBC}") = "PayrollSystemTest-BS", "solutions\WebProjects\BusinessService\PayrollSystemTest\PayrollSystemTest-BS.csproj", "{C69A7226-B966-4035-8144-9D9A0475BCDA}"
EndProject
Project("{FAE04EC0-301F-11D3-BF4B-00C04F79EFBC}") = "PayrollSystemLibrary-BS", "solutions\WebProjects\BusinessService\PayrollSystemLibrary\PayrollSystemLibrary-BS.csproj", "{21444266-7A8F-4FED-B948-B2E2163587F1}"
EndProject
Project("{2150E333-8FDC-42A3-9474-1A3956D46DE8}") = "IntegratedPaySys", "IntegratedPaySys", "{611942D1-273C-446A-BACA-FDCEEFC10A5E}"
EndProject
Project("{FAE04EC0-301F-11D3-BF4B-00C04F79EFBC}") = "PayrollSystemWeb-IP", "solutions\WebProjects\IntegratedPaySys\PayrollSystemWeb\PayrollSystemWeb-IP.csproj", "{E67A4D3A-F922-41F9-903A-F0560B0103F8}"
EndProject
Project("{FAE04EC0-301F-11D3-BF4B-00C04F79EFBC}") = "PayrollSystemLibrary-IP", "solutions\WebProjects\IntegratedPaySys\PayrollSystemLibrary\PayrollSystemLibrary-IP.csproj", "{043D2703-5363-4F98-9C28-0BB241FE4A6C}"
EndProject
Project("{2150E333-8FDC-42A3-9474-1A3956D46DE8}") = "WebApi", "WebApi", "{F7312B22-891C-4FEC-A691-E473E7A6E6B1}"
EndProject
Project("{FAE04EC0-301F-11D3-BF4B-00C04F79EFBC}") = "PayrollSystemLibrary-API", "solutions\WebProjects\WebApi\PayrollSystemLibrary\PayrollSystemLibrary-API.csproj", "{5BA784A6-4527-41A9-8BFE-3A73CF857F25}"
EndProject
Project("{FAE04EC0-301F-11D3-BF4B-00C04F79EFBC}") = "PayrollSystemWeb-API", "solutions\WebProjects\WebApi\PayrollSystemWeb\PayrollSystemWeb-API.csproj", "{815E6CC8-C7CB-47E9-AE81-CC89A03C89C2}"
EndProject
Global
	GlobalSection(SolutionConfigurationPlatforms) = preSolution
		Debug|Any CPU = Debug|Any CPU
		Release|Any CPU = Release|Any CPU
	EndGlobalSection
	GlobalSection(ProjectConfigurationPlatforms) = postSolution
		{17340522-E2E4-4F00-B272-8ABA7CAF4908}.Debug|Any CPU.ActiveCfg = Debug|Any CPU
		{17340522-E2E4-4F00-B272-8ABA7CAF4908}.Debug|Any CPU.Build.0 = Debug|Any CPU
		{17340522-E2E4-4F00-B272-8ABA7CAF4908}.Release|Any CPU.ActiveCfg = Release|Any CPU
		{17340522-E2E4-4F00-B272-8ABA7CAF4908}.Release|Any CPU.Build.0 = Release|Any CPU
		{3CBC9E88-0EF5-4D1A-A5BE-0470E320B1EC}.Debug|Any CPU.ActiveCfg = Debug|Any CPU
		{3CBC9E88-0EF5-4D1A-A5BE-0470E320B1EC}.Debug|Any CPU.Build.0 = Debug|Any CPU
		{3CBC9E88-0EF5-4D1A-A5BE-0470E320B1EC}.Release|Any CPU.ActiveCfg = Release|Any CPU
		{3CBC9E88-0EF5-4D1A-A5BE-0470E320B1EC}.Release|Any CPU.Build.0 = Release|Any CPU
		{06681B6E-40CA-40C4-BECC-4C2DB04FBBE3}.Debug|Any CPU.ActiveCfg = Debug|Any CPU
		{06681B6E-40CA-40C4-BECC-4C2DB04FBBE3}.Debug|Any CPU.Build.0 = Debug|Any CPU
		{06681B6E-40CA-40C4-BECC-4C2DB04FBBE3}.Release|Any CPU.ActiveCfg = Release|Any CPU
		{06681B6E-40CA-40C4-BECC-4C2DB04FBBE3}.Release|Any CPU.Build.0 = Release|Any CPU
		{C63F2D60-0AC5-4E77-8465-C5CE7F3F1F34}.Debug|Any CPU.ActiveCfg = Debug|Any CPU
		{C63F2D60-0AC5-4E77-8465-C5CE7F3F1F34}.Debug|Any CPU.Build.0 = Debug|Any CPU
		{C63F2D60-0AC5-4E77-8465-C5CE7F3F1F34}.Release|Any CPU.ActiveCfg = Release|Any CPU
		{C63F2D60-0AC5-4E77-8465-C5CE7F3F1F34}.Release|Any CPU.Build.0 = Release|Any CPU
		{D23DE60F-082B-4A6C-9920-9A432AB8A1F8}.Debug|Any CPU.ActiveCfg = Debug|Any CPU
		{D23DE60F-082B-4A6C-9920-9A432AB8A1F8}.Debug|Any CPU.Build.0 = Debug|Any CPU
		{D23DE60F-082B-4A6C-9920-9A432AB8A1F8}.Release|Any CPU.ActiveCfg = Release|Any CPU
		{D23DE60F-082B-4A6C-9920-9A432AB8A1F8}.Release|Any CPU.Build.0 = Release|Any CPU
		{C134F9B9-CF7E-4A54-B517-2E5ED1628815}.Debug|Any CPU.ActiveCfg = Debug|Any CPU
		{C134F9B9-CF7E-4A54-B517-2E5ED1628815}.Debug|Any CPU.Build.0 = Debug|Any CPU
		{C134F9B9-CF7E-4A54-B517-2E5ED1628815}.Release|Any CPU.ActiveCfg = Release|Any CPU
		{C134F9B9-CF7E-4A54-B517-2E5ED1628815}.Release|Any CPU.Build.0 = Release|Any CPU
		{52F2D733-C9F4-461E-AE9C-9B2CA76A6511}.Debug|Any CPU.ActiveCfg = Debug|Any CPU
		{52F2D733-C9F4-461E-AE9C-9B2CA76A6511}.Debug|Any CPU.Build.0 = Debug|Any CPU
		{52F2D733-C9F4-461E-AE9C-9B2CA76A6511}.Release|Any CPU.ActiveCfg = Release|Any CPU
		{52F2D733-C9F4-461E-AE9C-9B2CA76A6511}.Release|Any CPU.Build.0 = Release|Any CPU
		{ADA0E07D-4011-46FF-95CA-D72BA606CA28}.Debug|Any CPU.ActiveCfg = Debug|Any CPU
		{ADA0E07D-4011-46FF-95CA-D72BA606CA28}.Debug|Any CPU.Build.0 = Debug|Any CPU
		{ADA0E07D-4011-46FF-95CA-D72BA606CA28}.Release|Any CPU.ActiveCfg = Release|Any CPU
		{ADA0E07D-4011-46FF-95CA-D72BA606CA28}.Release|Any CPU.Build.0 = Release|Any CPU
		{BEDB5183-17FD-45B0-973D-4DF00090E95D}.Debug|Any CPU.ActiveCfg = Debug|Any CPU
		{BEDB5183-17FD-45B0-973D-4DF00090E95D}.Debug|Any CPU.Build.0 = Debug|Any CPU
		{BEDB5183-17FD-45B0-973D-4DF00090E95D}.Release|Any CPU.ActiveCfg = Release|Any CPU
		{BEDB5183-17FD-45B0-973D-4DF00090E95D}.Release|Any CPU.Build.0 = Release|Any CPU
		{F0B4DC92-653A-48AB-B3C3-8C2916336146}.Debug|Any CPU.ActiveCfg = Debug|Any CPU
		{F0B4DC92-653A-48AB-B3C3-8C2916336146}.Debug|Any CPU.Build.0 = Debug|Any CPU
		{F0B4DC92-653A-48AB-B3C3-8C2916336146}.Release|Any CPU.ActiveCfg = Release|Any CPU
		{F0B4DC92-653A-48AB-B3C3-8C2916336146}.Release|Any CPU.Build.0 = Release|Any CPU
		{7E66E147-91CA-492A-8DF2-EC6A688DA770}.Debug|Any CPU.ActiveCfg = Debug|Any CPU
		{7E66E147-91CA-492A-8DF2-EC6A688DA770}.Debug|Any CPU.Build.0 = Debug|Any CPU
		{7E66E147-91CA-492A-8DF2-EC6A688DA770}.Release|Any CPU.ActiveCfg = Release|Any CPU
		{7E66E147-91CA-492A-8DF2-EC6A688DA770}.Release|Any CPU.Build.0 = Release|Any CPU
		{603AB5CD-235F-4E6B-BF33-CAF0F1D3E4C8}.Debug|Any CPU.ActiveCfg = Debug|Any CPU
		{603AB5CD-235F-4E6B-BF33-CAF0F1D3E4C8}.Debug|Any CPU.Build.0 = Debug|Any CPU
		{603AB5CD-235F-4E6B-BF33-CAF0F1D3E4C8}.Release|Any CPU.ActiveCfg = Release|Any CPU
		{603AB5CD-235F-4E6B-BF33-CAF0F1D3E4C8}.Release|Any CPU.Build.0 = Release|Any CPU
		{71BD560E-DBF9-4177-8CB5-DBB7D7E7DA72}.Debug|Any CPU.ActiveCfg = Debug|Any CPU
		{71BD560E-DBF9-4177-8CB5-DBB7D7E7DA72}.Debug|Any CPU.Build.0 = Debug|Any CPU
		{71BD560E-DBF9-4177-8CB5-DBB7D7E7DA72}.Release|Any CPU.ActiveCfg = Release|Any CPU
		{71BD560E-DBF9-4177-8CB5-DBB7D7E7DA72}.Release|Any CPU.Build.0 = Release|Any CPU
		{143E42A9-7CA6-4ABA-B7E1-9B4E86C4651D}.Debug|Any CPU.ActiveCfg = Debug|Any CPU
		{143E42A9-7CA6-4ABA-B7E1-9B4E86C4651D}.Debug|Any CPU.Build.0 = Debug|Any CPU
		{143E42A9-7CA6-4ABA-B7E1-9B4E86C4651D}.Release|Any CPU.ActiveCfg = Release|Any CPU
		{143E42A9-7CA6-4ABA-B7E1-9B4E86C4651D}.Release|Any CPU.Build.0 = Release|Any CPU
		{D845E259-34C0-49DE-B936-C93E456EA95D}.Debug|Any CPU.ActiveCfg = Debug|Any CPU
		{D845E259-34C0-49DE-B936-C93E456EA95D}.Debug|Any CPU.Build.0 = Debug|Any CPU
		{D845E259-34C0-49DE-B936-C93E456EA95D}.Release|Any CPU.ActiveCfg = Release|Any CPU
		{D845E259-34C0-49DE-B936-C93E456EA95D}.Release|Any CPU.Build.0 = Release|Any CPU
		{BD959979-FD0F-4CF0-9B6C-3D4CC02F5F75}.Debug|Any CPU.ActiveCfg = Debug|Any CPU
		{BD959979-FD0F-4CF0-9B6C-3D4CC02F5F75}.Debug|Any CPU.Build.0 = Debug|Any CPU
		{BD959979-FD0F-4CF0-9B6C-3D4CC02F5F75}.Release|Any CPU.ActiveCfg = Release|Any CPU
		{BD959979-FD0F-4CF0-9B6C-3D4CC02F5F75}.Release|Any CPU.Build.0 = Release|Any CPU
		{3E051122-BF09-4F57-91E3-6BB4AAA69BE8}.Debug|Any CPU.ActiveCfg = Debug|Any CPU
		{3E051122-BF09-4F57-91E3-6BB4AAA69BE8}.Debug|Any CPU.Build.0 = Debug|Any CPU
		{3E051122-BF09-4F57-91E3-6BB4AAA69BE8}.Release|Any CPU.ActiveCfg = Release|Any CPU
		{3E051122-BF09-4F57-91E3-6BB4AAA69BE8}.Release|Any CPU.Build.0 = Release|Any CPU
		{E425143B-A203-4F54-86C4-315EC1B21FE9}.Debug|Any CPU.ActiveCfg = Debug|Any CPU
		{E425143B-A203-4F54-86C4-315EC1B21FE9}.Debug|Any CPU.Build.0 = Debug|Any CPU
		{E425143B-A203-4F54-86C4-315EC1B21FE9}.Release|Any CPU.ActiveCfg = Release|Any CPU
		{E425143B-A203-4F54-86C4-315EC1B21FE9}.Release|Any CPU.Build.0 = Release|Any CPU
		{84F4833A-89CA-4E3B-8BB9-FC892C6E6A0E}.Debug|Any CPU.ActiveCfg = Debug|Any CPU
		{84F4833A-89CA-4E3B-8BB9-FC892C6E6A0E}.Debug|Any CPU.Build.0 = Debug|Any CPU
		{84F4833A-89CA-4E3B-8BB9-FC892C6E6A0E}.Release|Any CPU.ActiveCfg = Release|Any CPU
		{84F4833A-89CA-4E3B-8BB9-FC892C6E6A0E}.Release|Any CPU.Build.0 = Release|Any CPU
		{0B351E63-878C-4A6A-AD50-2E42F4015706}.Debug|Any CPU.ActiveCfg = Debug|Any CPU
		{0B351E63-878C-4A6A-AD50-2E42F4015706}.Debug|Any CPU.Build.0 = Debug|Any CPU
		{0B351E63-878C-4A6A-AD50-2E42F4015706}.Release|Any CPU.ActiveCfg = Release|Any CPU
		{0B351E63-878C-4A6A-AD50-2E42F4015706}.Release|Any CPU.Build.0 = Release|Any CPU
		{55DEEACF-EEC8-46C4-A836-F55FCE74D765}.Debug|Any CPU.ActiveCfg = Debug|Any CPU
		{55DEEACF-EEC8-46C4-A836-F55FCE74D765}.Debug|Any CPU.Build.0 = Debug|Any CPU
		{55DEEACF-EEC8-46C4-A836-F55FCE74D765}.Release|Any CPU.ActiveCfg = Release|Any CPU
		{55DEEACF-EEC8-46C4-A836-F55FCE74D765}.Release|Any CPU.Build.0 = Release|Any CPU
		{A8F33C51-C560-4AFD-818F-586177C929A6}.Debug|Any CPU.ActiveCfg = Debug|Any CPU
		{A8F33C51-C560-4AFD-818F-586177C929A6}.Debug|Any CPU.Build.0 = Debug|Any CPU
		{A8F33C51-C560-4AFD-818F-586177C929A6}.Release|Any CPU.ActiveCfg = Release|Any CPU
		{A8F33C51-C560-4AFD-818F-586177C929A6}.Release|Any CPU.Build.0 = Release|Any CPU
		{88D6303E-5CDC-4EF7-8787-133F999CC1DF}.Debug|Any CPU.ActiveCfg = Debug|Any CPU
		{88D6303E-5CDC-4EF7-8787-133F999CC1DF}.Debug|Any CPU.Build.0 = Debug|Any CPU
		{88D6303E-5CDC-4EF7-8787-133F999CC1DF}.Release|Any CPU.ActiveCfg = Release|Any CPU
		{88D6303E-5CDC-4EF7-8787-133F999CC1DF}.Release|Any CPU.Build.0 = Release|Any CPU
		{B0A284C7-74B2-464E-9DAF-A46A01A9BC88}.Debug|Any CPU.ActiveCfg = Debug|Any CPU
		{B0A284C7-74B2-464E-9DAF-A46A01A9BC88}.Debug|Any CPU.Build.0 = Debug|Any CPU
		{B0A284C7-74B2-464E-9DAF-A46A01A9BC88}.Release|Any CPU.ActiveCfg = Release|Any CPU
		{B0A284C7-74B2-464E-9DAF-A46A01A9BC88}.Release|Any CPU.Build.0 = Release|Any CPU
		{C86E56D4-B6DE-4CE2-8177-42170CEEC18D}.Debug|Any CPU.ActiveCfg = Debug|Any CPU
		{C86E56D4-B6DE-4CE2-8177-42170CEEC18D}.Debug|Any CPU.Build.0 = Debug|Any CPU
		{C86E56D4-B6DE-4CE2-8177-42170CEEC18D}.Release|Any CPU.ActiveCfg = Release|Any CPU
		{C86E56D4-B6DE-4CE2-8177-42170CEEC18D}.Release|Any CPU.Build.0 = Release|Any CPU
		{151B6C59-D5D7-4F86-AAC6-6CDE2C9BCE7C}.Debug|Any CPU.ActiveCfg = Debug|Any CPU
		{151B6C59-D5D7-4F86-AAC6-6CDE2C9BCE7C}.Debug|Any CPU.Build.0 = Debug|Any CPU
		{151B6C59-D5D7-4F86-AAC6-6CDE2C9BCE7C}.Release|Any CPU.ActiveCfg = Release|Any CPU
		{151B6C59-D5D7-4F86-AAC6-6CDE2C9BCE7C}.Release|Any CPU.Build.0 = Release|Any CPU
		{03A2CD2B-20D8-4886-9C66-189017A670DE}.Debug|Any CPU.ActiveCfg = Debug|Any CPU
		{03A2CD2B-20D8-4886-9C66-189017A670DE}.Debug|Any CPU.Build.0 = Debug|Any CPU
		{03A2CD2B-20D8-4886-9C66-189017A670DE}.Release|Any CPU.ActiveCfg = Release|Any CPU
		{03A2CD2B-20D8-4886-9C66-189017A670DE}.Release|Any CPU.Build.0 = Release|Any CPU
		{F85C93EC-C51F-4CE9-8812-F4C4913862F4}.Debug|Any CPU.ActiveCfg = Debug|Any CPU
		{F85C93EC-C51F-4CE9-8812-F4C4913862F4}.Debug|Any CPU.Build.0 = Debug|Any CPU
		{F85C93EC-C51F-4CE9-8812-F4C4913862F4}.Release|Any CPU.ActiveCfg = Release|Any CPU
		{F85C93EC-C51F-4CE9-8812-F4C4913862F4}.Release|Any CPU.Build.0 = Release|Any CPU
		{36B02BA1-66DC-4C81-9ACD-9D5C5484E261}.Debug|Any CPU.ActiveCfg = Debug|Any CPU
		{36B02BA1-66DC-4C81-9ACD-9D5C5484E261}.Debug|Any CPU.Build.0 = Debug|Any CPU
		{36B02BA1-66DC-4C81-9ACD-9D5C5484E261}.Release|Any CPU.ActiveCfg = Release|Any CPU
		{36B02BA1-66DC-4C81-9ACD-9D5C5484E261}.Release|Any CPU.Build.0 = Release|Any CPU
		{325DC909-CE55-4940-9049-BBAEA3065CEB}.Debug|Any CPU.ActiveCfg = Debug|Any CPU
		{325DC909-CE55-4940-9049-BBAEA3065CEB}.Debug|Any CPU.Build.0 = Debug|Any CPU
		{325DC909-CE55-4940-9049-BBAEA3065CEB}.Release|Any CPU.ActiveCfg = Release|Any CPU
		{325DC909-CE55-4940-9049-BBAEA3065CEB}.Release|Any CPU.Build.0 = Release|Any CPU
		{2E4262D8-88D7-4326-9DD5-3A90ABB19555}.Debug|Any CPU.ActiveCfg = Debug|Any CPU
		{2E4262D8-88D7-4326-9DD5-3A90ABB19555}.Debug|Any CPU.Build.0 = Debug|Any CPU
		{2E4262D8-88D7-4326-9DD5-3A90ABB19555}.Release|Any CPU.ActiveCfg = Release|Any CPU
		{2E4262D8-88D7-4326-9DD5-3A90ABB19555}.Release|Any CPU.Build.0 = Release|Any CPU
		{16EF76DA-627B-48DD-B2A1-8D901064A227}.Debug|Any CPU.ActiveCfg = Debug|Any CPU
		{16EF76DA-627B-48DD-B2A1-8D901064A227}.Debug|Any CPU.Build.0 = Debug|Any CPU
		{16EF76DA-627B-48DD-B2A1-8D901064A227}.Release|Any CPU.ActiveCfg = Release|Any CPU
		{16EF76DA-627B-48DD-B2A1-8D901064A227}.Release|Any CPU.Build.0 = Release|Any CPU
		{AE1938B4-F767-480E-A2B1-AF5C67D8E51C}.Debug|Any CPU.ActiveCfg = Debug|Any CPU
		{AE1938B4-F767-480E-A2B1-AF5C67D8E51C}.Debug|Any CPU.Build.0 = Debug|Any CPU
		{AE1938B4-F767-480E-A2B1-AF5C67D8E51C}.Release|Any CPU.ActiveCfg = Release|Any CPU
		{AE1938B4-F767-480E-A2B1-AF5C67D8E51C}.Release|Any CPU.Build.0 = Release|Any CPU
		{76205F69-1DC1-41F0-A856-9E0A6D09F6DC}.Debug|Any CPU.ActiveCfg = Debug|Any CPU
		{76205F69-1DC1-41F0-A856-9E0A6D09F6DC}.Debug|Any CPU.Build.0 = Debug|Any CPU
		{76205F69-1DC1-41F0-A856-9E0A6D09F6DC}.Release|Any CPU.ActiveCfg = Release|Any CPU
		{76205F69-1DC1-41F0-A856-9E0A6D09F6DC}.Release|Any CPU.Build.0 = Release|Any CPU
		{42C5315B-5748-47AF-B330-885C91A79F8B}.Debug|Any CPU.ActiveCfg = Debug|Any CPU
		{42C5315B-5748-47AF-B330-885C91A79F8B}.Debug|Any CPU.Build.0 = Debug|Any CPU
		{42C5315B-5748-47AF-B330-885C91A79F8B}.Release|Any CPU.ActiveCfg = Release|Any CPU
		{42C5315B-5748-47AF-B330-885C91A79F8B}.Release|Any CPU.Build.0 = Release|Any CPU
		{C69A7226-B966-4035-8144-9D9A0475BCDA}.Debug|Any CPU.ActiveCfg = Debug|Any CPU
		{C69A7226-B966-4035-8144-9D9A0475BCDA}.Debug|Any CPU.Build.0 = Debug|Any CPU
		{C69A7226-B966-4035-8144-9D9A0475BCDA}.Release|Any CPU.ActiveCfg = Release|Any CPU
		{C69A7226-B966-4035-8144-9D9A0475BCDA}.Release|Any CPU.Build.0 = Release|Any CPU
		{21444266-7A8F-4FED-B948-B2E2163587F1}.Debug|Any CPU.ActiveCfg = Debug|Any CPU
		{21444266-7A8F-4FED-B948-B2E2163587F1}.Debug|Any CPU.Build.0 = Debug|Any CPU
		{21444266-7A8F-4FED-B948-B2E2163587F1}.Release|Any CPU.ActiveCfg = Release|Any CPU
		{21444266-7A8F-4FED-B948-B2E2163587F1}.Release|Any CPU.Build.0 = Release|Any CPU
		{E67A4D3A-F922-41F9-903A-F0560B0103F8}.Debug|Any CPU.ActiveCfg = Debug|Any CPU
		{E67A4D3A-F922-41F9-903A-F0560B0103F8}.Debug|Any CPU.Build.0 = Debug|Any CPU
		{E67A4D3A-F922-41F9-903A-F0560B0103F8}.Release|Any CPU.ActiveCfg = Release|Any CPU
		{E67A4D3A-F922-41F9-903A-F0560B0103F8}.Release|Any CPU.Build.0 = Release|Any CPU
		{043D2703-5363-4F98-9C28-0BB241FE4A6C}.Debug|Any CPU.ActiveCfg = Debug|Any CPU
		{043D2703-5363-4F98-9C28-0BB241FE4A6C}.Debug|Any CPU.Build.0 = Debug|Any CPU
		{043D2703-5363-4F98-9C28-0BB241FE4A6C}.Release|Any CPU.ActiveCfg = Release|Any CPU
		{043D2703-5363-4F98-9C28-0BB241FE4A6C}.Release|Any CPU.Build.0 = Release|Any CPU
		{5BA784A6-4527-41A9-8BFE-3A73CF857F25}.Debug|Any CPU.ActiveCfg = Debug|Any CPU
		{5BA784A6-4527-41A9-8BFE-3A73CF857F25}.Debug|Any CPU.Build.0 = Debug|Any CPU
		{5BA784A6-4527-41A9-8BFE-3A73CF857F25}.Release|Any CPU.ActiveCfg = Release|Any CPU
		{5BA784A6-4527-41A9-8BFE-3A73CF857F25}.Release|Any CPU.Build.0 = Release|Any CPU
		{815E6CC8-C7CB-47E9-AE81-CC89A03C89C2}.Debug|Any CPU.ActiveCfg = Debug|Any CPU
		{815E6CC8-C7CB-47E9-AE81-CC89A03C89C2}.Debug|Any CPU.Build.0 = Debug|Any CPU
		{815E6CC8-C7CB-47E9-AE81-CC89A03C89C2}.Release|Any CPU.ActiveCfg = Release|Any CPU
		{815E6CC8-C7CB-47E9-AE81-CC89A03C89C2}.Release|Any CPU.Build.0 = Release|Any CPU
	EndGlobalSection
	GlobalSection(SolutionProperties) = preSolution
		HideSolutionNode = FALSE
	EndGlobalSection
	GlobalSection(NestedProjects) = preSolution
		{17340522-E2E4-4F00-B272-8ABA7CAF4908} = {C68E5A0A-041F-4A16-8887-7E775082CD8F}
		{3CBC9E88-0EF5-4D1A-A5BE-0470E320B1EC} = {EE754C3C-C0FF-43BD-A683-E3448247204A}
		{06681B6E-40CA-40C4-BECC-4C2DB04FBBE3} = {C68E5A0A-041F-4A16-8887-7E775082CD8F}
		{C63F2D60-0AC5-4E77-8465-C5CE7F3F1F34} = {C68E5A0A-041F-4A16-8887-7E775082CD8F}
		{D23DE60F-082B-4A6C-9920-9A432AB8A1F8} = {C68E5A0A-041F-4A16-8887-7E775082CD8F}
		{C134F9B9-CF7E-4A54-B517-2E5ED1628815} = {C68E5A0A-041F-4A16-8887-7E775082CD8F}
		{52F2D733-C9F4-461E-AE9C-9B2CA76A6511} = {C68E5A0A-041F-4A16-8887-7E775082CD8F}
		{ADA0E07D-4011-46FF-95CA-D72BA606CA28} = {C68E5A0A-041F-4A16-8887-7E775082CD8F}
		{BEDB5183-17FD-45B0-973D-4DF00090E95D} = {C68E5A0A-041F-4A16-8887-7E775082CD8F}
		{F0B4DC92-653A-48AB-B3C3-8C2916336146} = {C68E5A0A-041F-4A16-8887-7E775082CD8F}
		{ADA9DA32-BD31-4A9F-8679-05CDD0B9D1CD} = {C68E5A0A-041F-4A16-8887-7E775082CD8F}
		{64C3CF1B-089A-4E76-87F9-9E7B670E3BF8} = {ADA9DA32-BD31-4A9F-8679-05CDD0B9D1CD}
		{7E66E147-91CA-492A-8DF2-EC6A688DA770} = {64C3CF1B-089A-4E76-87F9-9E7B670E3BF8}
		{3BDF3F19-B70B-413D-A640-4517017AE40E} = {ADA9DA32-BD31-4A9F-8679-05CDD0B9D1CD}
		{603AB5CD-235F-4E6B-BF33-CAF0F1D3E4C8} = {3BDF3F19-B70B-413D-A640-4517017AE40E}
		{F36AAD88-8125-402A-891F-79BDAB3EBD8C} = {ADA9DA32-BD31-4A9F-8679-05CDD0B9D1CD}
		{71BD560E-DBF9-4177-8CB5-DBB7D7E7DA72} = {F36AAD88-8125-402A-891F-79BDAB3EBD8C}
		{908464AE-96FC-4656-8290-24A861647A5F} = {ADA9DA32-BD31-4A9F-8679-05CDD0B9D1CD}
		{143E42A9-7CA6-4ABA-B7E1-9B4E86C4651D} = {908464AE-96FC-4656-8290-24A861647A5F}
		{D845E259-34C0-49DE-B936-C93E456EA95D} = {908464AE-96FC-4656-8290-24A861647A5F}
		{F0D72861-0F5E-46F4-96EC-5B74982CE807} = {ADA9DA32-BD31-4A9F-8679-05CDD0B9D1CD}
		{BD959979-FD0F-4CF0-9B6C-3D4CC02F5F75} = {F0D72861-0F5E-46F4-96EC-5B74982CE807}
		{EF4F8EF1-F717-43BC-9586-17465F7ABB4F} = {ADA9DA32-BD31-4A9F-8679-05CDD0B9D1CD}
		{3E051122-BF09-4F57-91E3-6BB4AAA69BE8} = {EF4F8EF1-F717-43BC-9586-17465F7ABB4F}
		{E425143B-A203-4F54-86C4-315EC1B21FE9} = {EE754C3C-C0FF-43BD-A683-E3448247204A}
		{A022888C-E08A-4C50-9D99-D650DB2ECA4F} = {C68E5A0A-041F-4A16-8887-7E775082CD8F}
		{84F4833A-89CA-4E3B-8BB9-FC892C6E6A0E} = {A022888C-E08A-4C50-9D99-D650DB2ECA4F}
		{0B351E63-878C-4A6A-AD50-2E42F4015706} = {A022888C-E08A-4C50-9D99-D650DB2ECA4F}
		{1E000634-635A-4ABC-BA6A-581601A17634} = {C68E5A0A-041F-4A16-8887-7E775082CD8F}
		{55DEEACF-EEC8-46C4-A836-F55FCE74D765} = {1E000634-635A-4ABC-BA6A-581601A17634}
		{A8F33C51-C560-4AFD-818F-586177C929A6} = {1E000634-635A-4ABC-BA6A-581601A17634}
		{351FDBCA-A433-4FF9-9ACA-1D6E40DF0320} = {ADA9DA32-BD31-4A9F-8679-05CDD0B9D1CD}
		{88D6303E-5CDC-4EF7-8787-133F999CC1DF} = {351FDBCA-A433-4FF9-9ACA-1D6E40DF0320}
		{B0A284C7-74B2-464E-9DAF-A46A01A9BC88} = {351FDBCA-A433-4FF9-9ACA-1D6E40DF0320}
		{C86E56D4-B6DE-4CE2-8177-42170CEEC18D} = {351FDBCA-A433-4FF9-9ACA-1D6E40DF0320}
		{57CDDBF4-C381-4DCE-AD76-F91C940277FD} = {ADA9DA32-BD31-4A9F-8679-05CDD0B9D1CD}
		{151B6C59-D5D7-4F86-AAC6-6CDE2C9BCE7C} = {57CDDBF4-C381-4DCE-AD76-F91C940277FD}
		{03A2CD2B-20D8-4886-9C66-189017A670DE} = {57CDDBF4-C381-4DCE-AD76-F91C940277FD}
		{F85C93EC-C51F-4CE9-8812-F4C4913862F4} = {57CDDBF4-C381-4DCE-AD76-F91C940277FD}
		{CF3C9D53-199E-484D-9A6F-B50B62152804} = {ADA9DA32-BD31-4A9F-8679-05CDD0B9D1CD}
		{36B02BA1-66DC-4C81-9ACD-9D5C5484E261} = {CF3C9D53-199E-484D-9A6F-B50B62152804}
		{325DC909-CE55-4940-9049-BBAEA3065CEB} = {CF3C9D53-199E-484D-9A6F-B50B62152804}
		{2E4262D8-88D7-4326-9DD5-3A90ABB19555} = {CF3C9D53-199E-484D-9A6F-B50B62152804}
		{16EF76DA-627B-48DD-B2A1-8D901064A227} = {C68E5A0A-041F-4A16-8887-7E775082CD8F}
		{0967242B-822E-427F-B6A5-75BDE026FF84} = {ADA9DA32-BD31-4A9F-8679-05CDD0B9D1CD}
		{AE1938B4-F767-480E-A2B1-AF5C67D8E51C} = {0967242B-822E-427F-B6A5-75BDE026FF84}
		{76205F69-1DC1-41F0-A856-9E0A6D09F6DC} = {0967242B-822E-427F-B6A5-75BDE026FF84}
		{42C5315B-5748-47AF-B330-885C91A79F8B} = {0967242B-822E-427F-B6A5-75BDE026FF84}
		{89F1C211-A007-41EC-9CEA-0F546BD5C244} = {ADA9DA32-BD31-4A9F-8679-05CDD0B9D1CD}
		{C69A7226-B966-4035-8144-9D9A0475BCDA} = {89F1C211-A007-41EC-9CEA-0F546BD5C244}
		{21444266-7A8F-4FED-B948-B2E2163587F1} = {89F1C211-A007-41EC-9CEA-0F546BD5C244}
		{611942D1-273C-446A-BACA-FDCEEFC10A5E} = {ADA9DA32-BD31-4A9F-8679-05CDD0B9D1CD}
		{E67A4D3A-F922-41F9-903A-F0560B0103F8} = {611942D1-273C-446A-BACA-FDCEEFC10A5E}
		{043D2703-5363-4F98-9C28-0BB241FE4A6C} = {611942D1-273C-446A-BACA-FDCEEFC10A5E}
		{F7312B22-891C-4FEC-A691-E473E7A6E6B1} = {ADA9DA32-BD31-4A9F-8679-05CDD0B9D1CD}
		{5BA784A6-4527-41A9-8BFE-3A73CF857F25} = {F7312B22-891C-4FEC-A691-E473E7A6E6B1}
		{815E6CC8-C7CB-47E9-AE81-CC89A03C89C2} = {F7312B22-891C-4FEC-A691-E473E7A6E6B1}
	EndGlobalSection
	GlobalSection(ExtensibilityGlobals) = postSolution
		SolutionGuid = {DF7D9F51-96FD-4B55-8C3B-6143066BC1EF}
	EndGlobalSection
EndGlobal
